{
  "object": {
    "pins": [
      {
        "package": "KDTree",
        "repositoryURL": "https://github.com/Bersaelor/KDTree",
        "state": {
          "branch": null,
          "revision": "490df2848e3f497bdc2edf61667f4ab669cff26e",
          "version": "1.4.1"
        }
      },
      {
        "package": "swift-numerics",
        "repositoryURL": "https://github.com/apple/swift-numerics.git",
        "state": {
          "branch": null,
          "revision": "0a5bc04095a675662cf24757cc0640aa2204253b",
          "version": "1.0.2"
        }
      }
    ]
  },
  "version": 1
}
